// !$*UTF8*$!
{
	archiveVersion = 1;
	classes = {
	};
	objectVersion = 50;
	objects = {

/* Begin PBXBuildFile section */
		50C91C182216FAA80065A51A /* GoogleClient.swift in Sources */ = {isa = PBXBuildFile; fileRef = 50C91C172216FAA80065A51A /* GoogleClient.swift */; };
		7C47789921CBEFC1000D5869 /* Rating.swift in Sources */ = {isa = PBXBuildFile; fileRef = 7C47789821CBEFC1000D5869 /* Rating.swift */; };
		7C7A63C4218CF460006C0DDA /* Validator.swift in Sources */ = {isa = PBXBuildFile; fileRef = 7C7A63C3218CF460006C0DDA /* Validator.swift */; };
		7C9449B621CB3AD700D539CB /* DriverChatCell.swift in Sources */ = {isa = PBXBuildFile; fileRef = 7C9449B521CB3AD700D539CB /* DriverChatCell.swift */; };
		7C9449B821CB3BA100D539CB /* ClientChatCell.swift in Sources */ = {isa = PBXBuildFile; fileRef = 7C9449B721CB3BA100D539CB /* ClientChatCell.swift */; };
		7CA1C4542197182C0091D9E0 /* VehicleCell.swift in Sources */ = {isa = PBXBuildFile; fileRef = 7CA1C4532197182C0091D9E0 /* VehicleCell.swift */; };
		7CA1C45621972C040091D9E0 /* HistoryCell.swift in Sources */ = {isa = PBXBuildFile; fileRef = 7CA1C45521972C040091D9E0 /* HistoryCell.swift */; };
		7CE75742218FA5DD000DD258 /* FBSDKLoginKit.framework in Frameworks */ = {isa = PBXBuildFile; fileRef = 7CE7573E218FA5DA000DD258 /* FBSDKLoginKit.framework */; };
		7CE75743218FA5DD000DD258 /* Bolts.framework in Frameworks */ = {isa = PBXBuildFile; fileRef = 7CE7573F218FA5DA000DD258 /* Bolts.framework */; };
		7CE75744218FA5DD000DD258 /* FBSDKShareKit.framework in Frameworks */ = {isa = PBXBuildFile; fileRef = 7CE75740218FA5DC000DD258 /* FBSDKShareKit.framework */; };
		7CE75745218FA5DE000DD258 /* FBSDKCoreKit.framework in Frameworks */ = {isa = PBXBuildFile; fileRef = 7CE75741218FA5DD000DD258 /* FBSDKCoreKit.framework */; };
		7CE86CDF217D3E4400382306 /* GoogleMapsBase.framework in Frameworks */ = {isa = PBXBuildFile; fileRef = 7CE86CDE217D3E4400382306 /* GoogleMapsBase.framework */; };
		7CE86CE1217D3E6200382306 /* GoogleMaps.framework in Frameworks */ = {isa = PBXBuildFile; fileRef = 7CE86CE0217D3E6200382306 /* GoogleMaps.framework */; };
		7CE86CE3217D3E6E00382306 /* GoogleMapsCore.framework in Frameworks */ = {isa = PBXBuildFile; fileRef = 7CE86CE2217D3E6E00382306 /* GoogleMapsCore.framework */; };
		7CE86CE8217D3EB600382306 /* Accelerate.framework in Frameworks */ = {isa = PBXBuildFile; fileRef = 7CE86CE7217D3EB600382306 /* Accelerate.framework */; };
		7CE86CEA217D3EBD00382306 /* CoreData.framework in Frameworks */ = {isa = PBXBuildFile; fileRef = 7CE86CE9217D3EBD00382306 /* CoreData.framework */; };
		7CE86CEC217D3EC400382306 /* CoreGraphics.framework in Frameworks */ = {isa = PBXBuildFile; fileRef = 7CE86CEB217D3EC400382306 /* CoreGraphics.framework */; };
		7CE86CEE217D3ECC00382306 /* CoreImage.framework in Frameworks */ = {isa = PBXBuildFile; fileRef = 7CE86CED217D3ECB00382306 /* CoreImage.framework */; };
		7CE86CF0217D3ED300382306 /* CoreLocation.framework in Frameworks */ = {isa = PBXBuildFile; fileRef = 7CE86CEF217D3ED300382306 /* CoreLocation.framework */; };
		7CE86CF2217D3ED900382306 /* CoreTelephony.framework in Frameworks */ = {isa = PBXBuildFile; fileRef = 7CE86CF1217D3ED900382306 /* CoreTelephony.framework */; };
		7CE86CF4217D3EE000382306 /* CoreText.framework in Frameworks */ = {isa = PBXBuildFile; fileRef = 7CE86CF3217D3EE000382306 /* CoreText.framework */; };
		7CE86CF6217D3EE700382306 /* GLKit.framework in Frameworks */ = {isa = PBXBuildFile; fileRef = 7CE86CF5217D3EE700382306 /* GLKit.framework */; };
		7CE86CF8217D3EEF00382306 /* ImageIO.framework in Frameworks */ = {isa = PBXBuildFile; fileRef = 7CE86CF7217D3EEE00382306 /* ImageIO.framework */; };
		7CE86CFA217D3EF600382306 /* libc++.tbd in Frameworks */ = {isa = PBXBuildFile; fileRef = 7CE86CF9217D3EF500382306 /* libc++.tbd */; };
		7CE86CFC217D3EFC00382306 /* libz.tbd in Frameworks */ = {isa = PBXBuildFile; fileRef = 7CE86CFB217D3EFC00382306 /* libz.tbd */; };
		7CE86CFE217D3F0400382306 /* OpenGLES.framework in Frameworks */ = {isa = PBXBuildFile; fileRef = 7CE86CFD217D3F0400382306 /* OpenGLES.framework */; };
		7CE86D00217D3F0A00382306 /* QuartzCore.framework in Frameworks */ = {isa = PBXBuildFile; fileRef = 7CE86CFF217D3F0A00382306 /* QuartzCore.framework */; };
		7CE86D02217D3F1000382306 /* SystemConfiguration.framework in Frameworks */ = {isa = PBXBuildFile; fileRef = 7CE86D01217D3F1000382306 /* SystemConfiguration.framework */; };
		7CE86D04217D3F1A00382306 /* UIKit.framework in Frameworks */ = {isa = PBXBuildFile; fileRef = 7CE86D03217D3F1A00382306 /* UIKit.framework */; };
		7CE86D05217D432C00382306 /* GoogleMaps.bundle in Resources */ = {isa = PBXBuildFile; fileRef = 7CE86CE4217D3E7600382306 /* GoogleMaps.bundle */; };
		7CED0D2621BDDC47003361BE /* CardCell.swift in Sources */ = {isa = PBXBuildFile; fileRef = 7CED0D2521BDDC47003361BE /* CardCell.swift */; };
		E207B68B2135AF7C007F26F9 /* Signup.swift in Sources */ = {isa = PBXBuildFile; fileRef = E207B68A2135AF7C007F26F9 /* Signup.swift */; };
		E207B68D2135AF96007F26F9 /* Forgot.swift in Sources */ = {isa = PBXBuildFile; fileRef = E207B68C2135AF96007F26F9 /* Forgot.swift */; };
		E207B68F2135AFDA007F26F9 /* Activate.swift in Sources */ = {isa = PBXBuildFile; fileRef = E207B68E2135AFDA007F26F9 /* Activate.swift */; };
		E207B6912135AFF8007F26F9 /* PasswordReplace.swift in Sources */ = {isa = PBXBuildFile; fileRef = E207B6902135AFF8007F26F9 /* PasswordReplace.swift */; };
		E207B6952135BCB6007F26F9 /* Constants.swift in Sources */ = {isa = PBXBuildFile; fileRef = E207B6942135BCB6007F26F9 /* Constants.swift */; };
		E207B6972135D8F6007F26F9 /* Search.swift in Sources */ = {isa = PBXBuildFile; fileRef = E207B6962135D8F6007F26F9 /* Search.swift */; };
		E207B6992135D908007F26F9 /* Destination.swift in Sources */ = {isa = PBXBuildFile; fileRef = E207B6982135D908007F26F9 /* Destination.swift */; };
		E207B69B2135D914007F26F9 /* CreditCard.swift in Sources */ = {isa = PBXBuildFile; fileRef = E207B69A2135D914007F26F9 /* CreditCard.swift */; };
		E207B69D2135D92E007F26F9 /* PromoCode.swift in Sources */ = {isa = PBXBuildFile; fileRef = E207B69C2135D92E007F26F9 /* PromoCode.swift */; };
		E207B69F2135E74E007F26F9 /* Chat.swift in Sources */ = {isa = PBXBuildFile; fileRef = E207B69E2135E74E007F26F9 /* Chat.swift */; };
		E2151A70213B510C00F8727B /* Start.swift in Sources */ = {isa = PBXBuildFile; fileRef = E2151A6F213B510C00F8727B /* Start.swift */; };
		E222E8DB212F495900037242 /* Login.swift in Sources */ = {isa = PBXBuildFile; fileRef = E222E8DA212F495900037242 /* Login.swift */; };
		E222E8DD21304A5E00037242 /* OnRequest.swift in Sources */ = {isa = PBXBuildFile; fileRef = E222E8DC21304A5E00037242 /* OnRequest.swift */; };
		E222E8DF21304AA600037242 /* OnBoard.swift in Sources */ = {isa = PBXBuildFile; fileRef = E222E8DE21304AA600037242 /* OnBoard.swift */; };
		E222E8E121304B7100037242 /* Profile.swift in Sources */ = {isa = PBXBuildFile; fileRef = E222E8E021304B7100037242 /* Profile.swift */; };
		E222E8E321304BC700037242 /* Password.swift in Sources */ = {isa = PBXBuildFile; fileRef = E222E8E221304BC700037242 /* Password.swift */; };
		E222E8E521304BD800037242 /* History.swift in Sources */ = {isa = PBXBuildFile; fileRef = E222E8E421304BD800037242 /* History.swift */; };
		E222E8E721304BE300037242 /* Share.swift in Sources */ = {isa = PBXBuildFile; fileRef = E222E8E621304BE300037242 /* Share.swift */; };
		E245199E21374C0D0001F261 /* UIApplication.swift in Sources */ = {isa = PBXBuildFile; fileRef = E245199D21374C0D0001F261 /* UIApplication.swift */; };
		E24C1C3C21385CC900AC5ABD /* AES.swift in Sources */ = {isa = PBXBuildFile; fileRef = E24C1BEF21385CC800AC5ABD /* AES.swift */; };
		E24C1C3D21385CC900AC5ABD /* BlockEncryptor.swift in Sources */ = {isa = PBXBuildFile; fileRef = E24C1BF021385CC800AC5ABD /* BlockEncryptor.swift */; };
		E24C1C3E21385CC900AC5ABD /* UInt64+Extension.swift in Sources */ = {isa = PBXBuildFile; fileRef = E24C1BF121385CC800AC5ABD /* UInt64+Extension.swift */; };
		E24C1C3F21385CC900AC5ABD /* Cryptors.swift in Sources */ = {isa = PBXBuildFile; fileRef = E24C1BF221385CC800AC5ABD /* Cryptors.swift */; };
		E24C1C4021385CC900AC5ABD /* HKDF.swift in Sources */ = {isa = PBXBuildFile; fileRef = E24C1BF321385CC800AC5ABD /* HKDF.swift */; };
		E24C1C4121385CC900AC5ABD /* Cipher.swift in Sources */ = {isa = PBXBuildFile; fileRef = E24C1BF421385CC800AC5ABD /* Cipher.swift */; };
		E24C1C4221385CC900AC5ABD /* AEADChaCha20Poly1305.swift in Sources */ = {isa = PBXBuildFile; fileRef = E24C1BF621385CC800AC5ABD /* AEADChaCha20Poly1305.swift */; };
		E24C1C4321385CC900AC5ABD /* AEAD.swift in Sources */ = {isa = PBXBuildFile; fileRef = E24C1BF721385CC800AC5ABD /* AEAD.swift */; };
		E24C1C4421385CC900AC5ABD /* Int+Extension.swift in Sources */ = {isa = PBXBuildFile; fileRef = E24C1BF821385CC800AC5ABD /* Int+Extension.swift */; };
		E24C1C4521385CC900AC5ABD /* AES.Cryptors.swift in Sources */ = {isa = PBXBuildFile; fileRef = E24C1BF921385CC800AC5ABD /* AES.Cryptors.swift */; };
		E24C1C4621385CC900AC5ABD /* Bit.swift in Sources */ = {isa = PBXBuildFile; fileRef = E24C1BFA21385CC800AC5ABD /* Bit.swift */; };
		E24C1C4721385CC900AC5ABD /* HMAC.swift in Sources */ = {isa = PBXBuildFile; fileRef = E24C1BFB21385CC800AC5ABD /* HMAC.swift */; };
		E24C1C4821385CC900AC5ABD /* CMAC.swift in Sources */ = {isa = PBXBuildFile; fileRef = E24C1BFC21385CC800AC5ABD /* CMAC.swift */; };
		E24C1C4921385CC900AC5ABD /* UInt16+Extension.swift in Sources */ = {isa = PBXBuildFile; fileRef = E24C1BFD21385CC800AC5ABD /* UInt16+Extension.swift */; };
		E24C1C4A21385CC900AC5ABD /* Collection+Extension.swift in Sources */ = {isa = PBXBuildFile; fileRef = E24C1BFE21385CC800AC5ABD /* Collection+Extension.swift */; };
		E24C1C4B21385CC900AC5ABD /* UInt32+Extension.swift in Sources */ = {isa = PBXBuildFile; fileRef = E24C1BFF21385CC800AC5ABD /* UInt32+Extension.swift */; };
		E24C1C4C21385CC900AC5ABD /* Digest.swift in Sources */ = {isa = PBXBuildFile; fileRef = E24C1C0021385CC800AC5ABD /* Digest.swift */; };
		E24C1C4D21385CC900AC5ABD /* UInt128.swift in Sources */ = {isa = PBXBuildFile; fileRef = E24C1C0121385CC800AC5ABD /* UInt128.swift */; };
		E24C1C4E21385CC900AC5ABD /* NoPadding.swift in Sources */ = {isa = PBXBuildFile; fileRef = E24C1C0221385CC800AC5ABD /* NoPadding.swift */; };
		E24C1C4F21385CC900AC5ABD /* String+FoundationExtension.swift in Sources */ = {isa = PBXBuildFile; fileRef = E24C1C0421385CC800AC5ABD /* String+FoundationExtension.swift */; };
		E24C1C5021385CC900AC5ABD /* Blowfish+Foundation.swift in Sources */ = {isa = PBXBuildFile; fileRef = E24C1C0521385CC800AC5ABD /* Blowfish+Foundation.swift */; };
		E24C1C5121385CC900AC5ABD /* Utils+Foundation.swift in Sources */ = {isa = PBXBuildFile; fileRef = E24C1C0621385CC800AC5ABD /* Utils+Foundation.swift */; };
		E24C1C5221385CC900AC5ABD /* HMAC+Foundation.swift in Sources */ = {isa = PBXBuildFile; fileRef = E24C1C0721385CC800AC5ABD /* HMAC+Foundation.swift */; };
		E24C1C5321385CC900AC5ABD /* Data+Extension.swift in Sources */ = {isa = PBXBuildFile; fileRef = E24C1C0821385CC800AC5ABD /* Data+Extension.swift */; };
		E24C1C5421385CC900AC5ABD /* ChaCha20+Foundation.swift in Sources */ = {isa = PBXBuildFile; fileRef = E24C1C0921385CC800AC5ABD /* ChaCha20+Foundation.swift */; };
		E24C1C5521385CC900AC5ABD /* Array+Foundation.swift in Sources */ = {isa = PBXBuildFile; fileRef = E24C1C0A21385CC800AC5ABD /* Array+Foundation.swift */; };
		E24C1C5621385CC900AC5ABD /* AES+Foundation.swift in Sources */ = {isa = PBXBuildFile; fileRef = E24C1C0B21385CC800AC5ABD /* AES+Foundation.swift */; };
		E24C1C5721385CC900AC5ABD /* Rabbit+Foundation.swift in Sources */ = {isa = PBXBuildFile; fileRef = E24C1C0C21385CC800AC5ABD /* Rabbit+Foundation.swift */; };
		E24C1C5821385CC900AC5ABD /* UInt8+Extension.swift in Sources */ = {isa = PBXBuildFile; fileRef = E24C1C0D21385CC800AC5ABD /* UInt8+Extension.swift */; };
		E24C1C5921385CC900AC5ABD /* MD5.swift in Sources */ = {isa = PBXBuildFile; fileRef = E24C1C0E21385CC800AC5ABD /* MD5.swift */; };
		E24C1C5A21385CC900AC5ABD /* Cryptor.swift in Sources */ = {isa = PBXBuildFile; fileRef = E24C1C0F21385CC800AC5ABD /* Cryptor.swift */; };
		E24C1C5B21385CC900AC5ABD /* CompactMap.swift in Sources */ = {isa = PBXBuildFile; fileRef = E24C1C1021385CC800AC5ABD /* CompactMap.swift */; };
		E24C1C5C21385CC900AC5ABD /* BatchedCollection.swift in Sources */ = {isa = PBXBuildFile; fileRef = E24C1C1121385CC800AC5ABD /* BatchedCollection.swift */; };
		E24C1C5D21385CC900AC5ABD /* SecureBytes.swift in Sources */ = {isa = PBXBuildFile; fileRef = E24C1C1221385CC800AC5ABD /* SecureBytes.swift */; };
		E24C1C5E21385CC900AC5ABD /* ZeroPadding.swift in Sources */ = {isa = PBXBuildFile; fileRef = E24C1C1321385CC800AC5ABD /* ZeroPadding.swift */; };
		E24C1C5F21385CC900AC5ABD /* String+Extension.swift in Sources */ = {isa = PBXBuildFile; fileRef = E24C1C1421385CC800AC5ABD /* String+Extension.swift */; };
		E24C1C6021385CC900AC5ABD /* Authenticator.swift in Sources */ = {isa = PBXBuildFile; fileRef = E24C1C1521385CC800AC5ABD /* Authenticator.swift */; };
		E24C1C6121385CC900AC5ABD /* SHA3.swift in Sources */ = {isa = PBXBuildFile; fileRef = E24C1C1621385CC800AC5ABD /* SHA3.swift */; };
		E24C1C6221385CC900AC5ABD /* Operators.swift in Sources */ = {isa = PBXBuildFile; fileRef = E24C1C1721385CC800AC5ABD /* Operators.swift */; };
		E24C1C6321385CC900AC5ABD /* RandomBytesSequence.swift in Sources */ = {isa = PBXBuildFile; fileRef = E24C1C1821385CC800AC5ABD /* RandomBytesSequence.swift */; };
		E24C1C6421385CC900AC5ABD /* Rabbit.swift in Sources */ = {isa = PBXBuildFile; fileRef = E24C1C1921385CC800AC5ABD /* Rabbit.swift */; };
		E24C1C6521385CC900AC5ABD /* SHA1.swift in Sources */ = {isa = PBXBuildFile; fileRef = E24C1C1A21385CC800AC5ABD /* SHA1.swift */; };
		E24C1C6621385CC900AC5ABD /* Poly1305.swift in Sources */ = {isa = PBXBuildFile; fileRef = E24C1C1B21385CC800AC5ABD /* Poly1305.swift */; };
		E24C1C6721385CC900AC5ABD /* BlockCipher.swift in Sources */ = {isa = PBXBuildFile; fileRef = E24C1C1C21385CC800AC5ABD /* BlockCipher.swift */; };
		E24C1C6821385CC900AC5ABD /* Updatable.swift in Sources */ = {isa = PBXBuildFile; fileRef = E24C1C1D21385CC800AC5ABD /* Updatable.swift */; };
		E24C1C6921385CC900AC5ABD /* Blowfish.swift in Sources */ = {isa = PBXBuildFile; fileRef = E24C1C1E21385CC800AC5ABD /* Blowfish.swift */; };
		E24C1C6A21385CC900AC5ABD /* BlockDecryptor.swift in Sources */ = {isa = PBXBuildFile; fileRef = E24C1C1F21385CC800AC5ABD /* BlockDecryptor.swift */; };
		E24C1C6B21385CC900AC5ABD /* StreamEncryptor.swift in Sources */ = {isa = PBXBuildFile; fileRef = E24C1C2021385CC800AC5ABD /* StreamEncryptor.swift */; };
		E24C1C6C21385CC900AC5ABD /* DigestType.swift in Sources */ = {isa = PBXBuildFile; fileRef = E24C1C2121385CC800AC5ABD /* DigestType.swift */; };
		E24C1C6D21385CC900AC5ABD /* Utils.swift in Sources */ = {isa = PBXBuildFile; fileRef = E24C1C2221385CC800AC5ABD /* Utils.swift */; };
		E24C1C6E21385CC900AC5ABD /* Generics.swift in Sources */ = {isa = PBXBuildFile; fileRef = E24C1C2321385CC800AC5ABD /* Generics.swift */; };
		E24C1C6F21385CC900AC5ABD /* Checksum.swift in Sources */ = {isa = PBXBuildFile; fileRef = E24C1C2421385CC800AC5ABD /* Checksum.swift */; };
		E24C1C7021385CC900AC5ABD /* SHA2.swift in Sources */ = {isa = PBXBuildFile; fileRef = E24C1C2521385CC800AC5ABD /* SHA2.swift */; };
		E24C1C7121385CC900AC5ABD /* Padding.swift in Sources */ = {isa = PBXBuildFile; fileRef = E24C1C2621385CC800AC5ABD /* Padding.swift */; };
		E24C1C7221385CC900AC5ABD /* PKCS7Padding.swift in Sources */ = {isa = PBXBuildFile; fileRef = E24C1C2821385CC800AC5ABD /* PKCS7Padding.swift */; };
		E24C1C7321385CC900AC5ABD /* PKCS5.swift in Sources */ = {isa = PBXBuildFile; fileRef = E24C1C2921385CC800AC5ABD /* PKCS5.swift */; };
		E24C1C7421385CC900AC5ABD /* PKCS7.swift in Sources */ = {isa = PBXBuildFile; fileRef = E24C1C2A21385CC800AC5ABD /* PKCS7.swift */; };
		E24C1C7521385CC900AC5ABD /* PBKDF2.swift in Sources */ = {isa = PBXBuildFile; fileRef = E24C1C2B21385CC800AC5ABD /* PBKDF2.swift */; };
		E24C1C7621385CC900AC5ABD /* PBKDF1.swift in Sources */ = {isa = PBXBuildFile; fileRef = E24C1C2C21385CC800AC5ABD /* PBKDF1.swift */; };
		E24C1C7721385CC900AC5ABD /* BlockModeOptions.swift in Sources */ = {isa = PBXBuildFile; fileRef = E24C1C2E21385CC800AC5ABD /* BlockModeOptions.swift */; };
		E24C1C7821385CC900AC5ABD /* CFB.swift in Sources */ = {isa = PBXBuildFile; fileRef = E24C1C2F21385CC800AC5ABD /* CFB.swift */; };
		E24C1C7921385CC900AC5ABD /* CBC.swift in Sources */ = {isa = PBXBuildFile; fileRef = E24C1C3021385CC800AC5ABD /* CBC.swift */; };
		E24C1C7A21385CC900AC5ABD /* ECB.swift in Sources */ = {isa = PBXBuildFile; fileRef = E24C1C3121385CC800AC5ABD /* ECB.swift */; };
		E24C1C7B21385CC900AC5ABD /* PCBC.swift in Sources */ = {isa = PBXBuildFile; fileRef = E24C1C3221385CC800AC5ABD /* PCBC.swift */; };
		E24C1C7C21385CC900AC5ABD /* BlockMode.swift in Sources */ = {isa = PBXBuildFile; fileRef = E24C1C3321385CC800AC5ABD /* BlockMode.swift */; };
		E24C1C7D21385CC900AC5ABD /* GCM.swift in Sources */ = {isa = PBXBuildFile; fileRef = E24C1C3421385CC800AC5ABD /* GCM.swift */; };
		E24C1C7E21385CC900AC5ABD /* CipherModeWorker.swift in Sources */ = {isa = PBXBuildFile; fileRef = E24C1C3521385CC800AC5ABD /* CipherModeWorker.swift */; };
		E24C1C7F21385CC900AC5ABD /* CTR.swift in Sources */ = {isa = PBXBuildFile; fileRef = E24C1C3621385CC800AC5ABD /* CTR.swift */; };
		E24C1C8021385CC900AC5ABD /* OFB.swift in Sources */ = {isa = PBXBuildFile; fileRef = E24C1C3721385CC800AC5ABD /* OFB.swift */; };
		E24C1C8121385CC900AC5ABD /* ChaCha20.swift in Sources */ = {isa = PBXBuildFile; fileRef = E24C1C3821385CC800AC5ABD /* ChaCha20.swift */; };
		E24C1C8321385CC900AC5ABD /* Array+Extension.swift in Sources */ = {isa = PBXBuildFile; fileRef = E24C1C3A21385CC800AC5ABD /* Array+Extension.swift */; };
		E25456A720B8F85600D9F8A6 /* AppDelegate.swift in Sources */ = {isa = PBXBuildFile; fileRef = E25456A620B8F85600D9F8A6 /* AppDelegate.swift */; };
		E25456AC20B8F85600D9F8A6 /* Main.storyboard in Resources */ = {isa = PBXBuildFile; fileRef = E25456AA20B8F85600D9F8A6 /* Main.storyboard */; };
		E25456AE20B8F85700D9F8A6 /* Assets.xcassets in Resources */ = {isa = PBXBuildFile; fileRef = E25456AD20B8F85700D9F8A6 /* Assets.xcassets */; };
		E25456B120B8F85700D9F8A6 /* LaunchScreen.storyboard in Resources */ = {isa = PBXBuildFile; fileRef = E25456AF20B8F85700D9F8A6 /* LaunchScreen.storyboard */; };
		E2BEC09F2134D7DA00AB6D3D /* Wait.swift in Sources */ = {isa = PBXBuildFile; fileRef = E2BEC09E2134D7DA00AB6D3D /* Wait.swift */; };
/* End PBXBuildFile section */

/* Begin PBXFileReference section */
		50C91C172216FAA80065A51A /* GoogleClient.swift */ = {isa = PBXFileReference; lastKnownFileType = sourcecode.swift; path = GoogleClient.swift; sourceTree = "<group>"; };
		7C47789821CBEFC1000D5869 /* Rating.swift */ = {isa = PBXFileReference; lastKnownFileType = sourcecode.swift; path = Rating.swift; sourceTree = "<group>"; };
		7C7A63C3218CF460006C0DDA /* Validator.swift */ = {isa = PBXFileReference; lastKnownFileType = sourcecode.swift; path = Validator.swift; sourceTree = "<group>"; };
		7C9449B521CB3AD700D539CB /* DriverChatCell.swift */ = {isa = PBXFileReference; lastKnownFileType = sourcecode.swift; path = DriverChatCell.swift; sourceTree = "<group>"; };
		7C9449B721CB3BA100D539CB /* ClientChatCell.swift */ = {isa = PBXFileReference; lastKnownFileType = sourcecode.swift; path = ClientChatCell.swift; sourceTree = "<group>"; };
		7CA1C4532197182C0091D9E0 /* VehicleCell.swift */ = {isa = PBXFileReference; lastKnownFileType = sourcecode.swift; path = VehicleCell.swift; sourceTree = "<group>"; };
		7CA1C45521972C040091D9E0 /* HistoryCell.swift */ = {isa = PBXFileReference; lastKnownFileType = sourcecode.swift; path = HistoryCell.swift; sourceTree = "<group>"; };
		7CCA323321BC8F300018814F /* GoPPlus.entitlements */ = {isa = PBXFileReference; lastKnownFileType = text.plist.entitlements; path = GoPPlus.entitlements; sourceTree = "<group>"; };
		7CE7573E218FA5DA000DD258 /* FBSDKLoginKit.framework */ = {isa = PBXFileReference; lastKnownFileType = wrapper.framework; path = FBSDKLoginKit.framework; sourceTree = "<group>"; };
		7CE7573F218FA5DA000DD258 /* Bolts.framework */ = {isa = PBXFileReference; lastKnownFileType = wrapper.framework; path = Bolts.framework; sourceTree = "<group>"; };
		7CE75740218FA5DC000DD258 /* FBSDKShareKit.framework */ = {isa = PBXFileReference; lastKnownFileType = wrapper.framework; path = FBSDKShareKit.framework; sourceTree = "<group>"; };
		7CE75741218FA5DD000DD258 /* FBSDKCoreKit.framework */ = {isa = PBXFileReference; lastKnownFileType = wrapper.framework; path = FBSDKCoreKit.framework; sourceTree = "<group>"; };
		7CE86CDE217D3E4400382306 /* GoogleMapsBase.framework */ = {isa = PBXFileReference; lastKnownFileType = wrapper.framework; path = GoogleMapsBase.framework; sourceTree = "<group>"; };
		7CE86CE0217D3E6200382306 /* GoogleMaps.framework */ = {isa = PBXFileReference; lastKnownFileType = wrapper.framework; path = GoogleMaps.framework; sourceTree = "<group>"; };
		7CE86CE2217D3E6E00382306 /* GoogleMapsCore.framework */ = {isa = PBXFileReference; lastKnownFileType = wrapper.framework; path = GoogleMapsCore.framework; sourceTree = "<group>"; };
		7CE86CE4217D3E7600382306 /* GoogleMaps.bundle */ = {isa = PBXFileReference; lastKnownFileType = "wrapper.plug-in"; path = GoogleMaps.bundle; sourceTree = "<group>"; };
		7CE86CE7217D3EB600382306 /* Accelerate.framework */ = {isa = PBXFileReference; lastKnownFileType = wrapper.framework; name = Accelerate.framework; path = System/Library/Frameworks/Accelerate.framework; sourceTree = SDKROOT; };
		7CE86CE9217D3EBD00382306 /* CoreData.framework */ = {isa = PBXFileReference; lastKnownFileType = wrapper.framework; name = CoreData.framework; path = System/Library/Frameworks/CoreData.framework; sourceTree = SDKROOT; };
		7CE86CEB217D3EC400382306 /* CoreGraphics.framework */ = {isa = PBXFileReference; lastKnownFileType = wrapper.framework; name = CoreGraphics.framework; path = System/Library/Frameworks/CoreGraphics.framework; sourceTree = SDKROOT; };
		7CE86CED217D3ECB00382306 /* CoreImage.framework */ = {isa = PBXFileReference; lastKnownFileType = wrapper.framework; name = CoreImage.framework; path = System/Library/Frameworks/CoreImage.framework; sourceTree = SDKROOT; };
		7CE86CEF217D3ED300382306 /* CoreLocation.framework */ = {isa = PBXFileReference; lastKnownFileType = wrapper.framework; name = CoreLocation.framework; path = System/Library/Frameworks/CoreLocation.framework; sourceTree = SDKROOT; };
		7CE86CF1217D3ED900382306 /* CoreTelephony.framework */ = {isa = PBXFileReference; lastKnownFileType = wrapper.framework; name = CoreTelephony.framework; path = System/Library/Frameworks/CoreTelephony.framework; sourceTree = SDKROOT; };
		7CE86CF3217D3EE000382306 /* CoreText.framework */ = {isa = PBXFileReference; lastKnownFileType = wrapper.framework; name = CoreText.framework; path = System/Library/Frameworks/CoreText.framework; sourceTree = SDKROOT; };
		7CE86CF5217D3EE700382306 /* GLKit.framework */ = {isa = PBXFileReference; lastKnownFileType = wrapper.framework; name = GLKit.framework; path = System/Library/Frameworks/GLKit.framework; sourceTree = SDKROOT; };
		7CE86CF7217D3EEE00382306 /* ImageIO.framework */ = {isa = PBXFileReference; lastKnownFileType = wrapper.framework; name = ImageIO.framework; path = System/Library/Frameworks/ImageIO.framework; sourceTree = SDKROOT; };
		7CE86CF9217D3EF500382306 /* libc++.tbd */ = {isa = PBXFileReference; lastKnownFileType = "sourcecode.text-based-dylib-definition"; name = "libc++.tbd"; path = "usr/lib/libc++.tbd"; sourceTree = SDKROOT; };
		7CE86CFB217D3EFC00382306 /* libz.tbd */ = {isa = PBXFileReference; lastKnownFileType = "sourcecode.text-based-dylib-definition"; name = libz.tbd; path = usr/lib/libz.tbd; sourceTree = SDKROOT; };
		7CE86CFD217D3F0400382306 /* OpenGLES.framework */ = {isa = PBXFileReference; lastKnownFileType = wrapper.framework; name = OpenGLES.framework; path = System/Library/Frameworks/OpenGLES.framework; sourceTree = SDKROOT; };
		7CE86CFF217D3F0A00382306 /* QuartzCore.framework */ = {isa = PBXFileReference; lastKnownFileType = wrapper.framework; name = QuartzCore.framework; path = System/Library/Frameworks/QuartzCore.framework; sourceTree = SDKROOT; };
		7CE86D01217D3F1000382306 /* SystemConfiguration.framework */ = {isa = PBXFileReference; lastKnownFileType = wrapper.framework; name = SystemConfiguration.framework; path = System/Library/Frameworks/SystemConfiguration.framework; sourceTree = SDKROOT; };
		7CE86D03217D3F1A00382306 /* UIKit.framework */ = {isa = PBXFileReference; lastKnownFileType = wrapper.framework; name = UIKit.framework; path = System/Library/Frameworks/UIKit.framework; sourceTree = SDKROOT; };
		7CED0D2521BDDC47003361BE /* CardCell.swift */ = {isa = PBXFileReference; lastKnownFileType = sourcecode.swift; path = CardCell.swift; sourceTree = "<group>"; };
		E207B68A2135AF7C007F26F9 /* Signup.swift */ = {isa = PBXFileReference; lastKnownFileType = sourcecode.swift; path = Signup.swift; sourceTree = "<group>"; };
		E207B68C2135AF96007F26F9 /* Forgot.swift */ = {isa = PBXFileReference; lastKnownFileType = sourcecode.swift; path = Forgot.swift; sourceTree = "<group>"; };
		E207B68E2135AFDA007F26F9 /* Activate.swift */ = {isa = PBXFileReference; lastKnownFileType = sourcecode.swift; path = Activate.swift; sourceTree = "<group>"; };
		E207B6902135AFF8007F26F9 /* PasswordReplace.swift */ = {isa = PBXFileReference; lastKnownFileType = sourcecode.swift; path = PasswordReplace.swift; sourceTree = "<group>"; };
		E207B6942135BCB6007F26F9 /* Constants.swift */ = {isa = PBXFileReference; lastKnownFileType = sourcecode.swift; path = Constants.swift; sourceTree = "<group>"; };
		E207B6962135D8F6007F26F9 /* Search.swift */ = {isa = PBXFileReference; lastKnownFileType = sourcecode.swift; path = Search.swift; sourceTree = "<group>"; };
		E207B6982135D908007F26F9 /* Destination.swift */ = {isa = PBXFileReference; lastKnownFileType = sourcecode.swift; path = Destination.swift; sourceTree = "<group>"; };
		E207B69A2135D914007F26F9 /* CreditCard.swift */ = {isa = PBXFileReference; lastKnownFileType = sourcecode.swift; path = CreditCard.swift; sourceTree = "<group>"; };
		E207B69C2135D92E007F26F9 /* PromoCode.swift */ = {isa = PBXFileReference; lastKnownFileType = sourcecode.swift; path = PromoCode.swift; sourceTree = "<group>"; };
		E207B69E2135E74E007F26F9 /* Chat.swift */ = {isa = PBXFileReference; lastKnownFileType = sourcecode.swift; path = Chat.swift; sourceTree = "<group>"; };
		E2151A6F213B510C00F8727B /* Start.swift */ = {isa = PBXFileReference; lastKnownFileType = sourcecode.swift; path = Start.swift; sourceTree = "<group>"; };
		E222E8DA212F495900037242 /* Login.swift */ = {isa = PBXFileReference; lastKnownFileType = sourcecode.swift; path = Login.swift; sourceTree = "<group>"; };
		E222E8DC21304A5E00037242 /* OnRequest.swift */ = {isa = PBXFileReference; lastKnownFileType = sourcecode.swift; path = OnRequest.swift; sourceTree = "<group>"; };
		E222E8DE21304AA600037242 /* OnBoard.swift */ = {isa = PBXFileReference; lastKnownFileType = sourcecode.swift; path = OnBoard.swift; sourceTree = "<group>"; };
		E222E8E021304B7100037242 /* Profile.swift */ = {isa = PBXFileReference; lastKnownFileType = sourcecode.swift; path = Profile.swift; sourceTree = "<group>"; };
		E222E8E221304BC700037242 /* Password.swift */ = {isa = PBXFileReference; lastKnownFileType = sourcecode.swift; path = Password.swift; sourceTree = "<group>"; };
		E222E8E421304BD800037242 /* History.swift */ = {isa = PBXFileReference; lastKnownFileType = sourcecode.swift; path = History.swift; sourceTree = "<group>"; };
		E222E8E621304BE300037242 /* Share.swift */ = {isa = PBXFileReference; lastKnownFileType = sourcecode.swift; path = Share.swift; sourceTree = "<group>"; };
		E245199D21374C0D0001F261 /* UIApplication.swift */ = {isa = PBXFileReference; lastKnownFileType = sourcecode.swift; path = UIApplication.swift; sourceTree = "<group>"; };
		E24C1BEF21385CC800AC5ABD /* AES.swift */ = {isa = PBXFileReference; fileEncoding = 4; lastKnownFileType = sourcecode.swift; path = AES.swift; sourceTree = "<group>"; };
		E24C1BF021385CC800AC5ABD /* BlockEncryptor.swift */ = {isa = PBXFileReference; fileEncoding = 4; lastKnownFileType = sourcecode.swift; path = BlockEncryptor.swift; sourceTree = "<group>"; };
		E24C1BF121385CC800AC5ABD /* UInt64+Extension.swift */ = {isa = PBXFileReference; fileEncoding = 4; lastKnownFileType = sourcecode.swift; path = "UInt64+Extension.swift"; sourceTree = "<group>"; };
		E24C1BF221385CC800AC5ABD /* Cryptors.swift */ = {isa = PBXFileReference; fileEncoding = 4; lastKnownFileType = sourcecode.swift; path = Cryptors.swift; sourceTree = "<group>"; };
		E24C1BF321385CC800AC5ABD /* HKDF.swift */ = {isa = PBXFileReference; fileEncoding = 4; lastKnownFileType = sourcecode.swift; path = HKDF.swift; sourceTree = "<group>"; };
		E24C1BF421385CC800AC5ABD /* Cipher.swift */ = {isa = PBXFileReference; fileEncoding = 4; lastKnownFileType = sourcecode.swift; path = Cipher.swift; sourceTree = "<group>"; };
		E24C1BF621385CC800AC5ABD /* AEADChaCha20Poly1305.swift */ = {isa = PBXFileReference; fileEncoding = 4; lastKnownFileType = sourcecode.swift; path = AEADChaCha20Poly1305.swift; sourceTree = "<group>"; };
		E24C1BF721385CC800AC5ABD /* AEAD.swift */ = {isa = PBXFileReference; fileEncoding = 4; lastKnownFileType = sourcecode.swift; path = AEAD.swift; sourceTree = "<group>"; };
		E24C1BF821385CC800AC5ABD /* Int+Extension.swift */ = {isa = PBXFileReference; fileEncoding = 4; lastKnownFileType = sourcecode.swift; path = "Int+Extension.swift"; sourceTree = "<group>"; };
		E24C1BF921385CC800AC5ABD /* AES.Cryptors.swift */ = {isa = PBXFileReference; fileEncoding = 4; lastKnownFileType = sourcecode.swift; path = AES.Cryptors.swift; sourceTree = "<group>"; };
		E24C1BFA21385CC800AC5ABD /* Bit.swift */ = {isa = PBXFileReference; fileEncoding = 4; lastKnownFileType = sourcecode.swift; path = Bit.swift; sourceTree = "<group>"; };
		E24C1BFB21385CC800AC5ABD /* HMAC.swift */ = {isa = PBXFileReference; fileEncoding = 4; lastKnownFileType = sourcecode.swift; path = HMAC.swift; sourceTree = "<group>"; };
		E24C1BFC21385CC800AC5ABD /* CMAC.swift */ = {isa = PBXFileReference; fileEncoding = 4; lastKnownFileType = sourcecode.swift; path = CMAC.swift; sourceTree = "<group>"; };
		E24C1BFD21385CC800AC5ABD /* UInt16+Extension.swift */ = {isa = PBXFileReference; fileEncoding = 4; lastKnownFileType = sourcecode.swift; path = "UInt16+Extension.swift"; sourceTree = "<group>"; };
		E24C1BFE21385CC800AC5ABD /* Collection+Extension.swift */ = {isa = PBXFileReference; fileEncoding = 4; lastKnownFileType = sourcecode.swift; path = "Collection+Extension.swift"; sourceTree = "<group>"; };
		E24C1BFF21385CC800AC5ABD /* UInt32+Extension.swift */ = {isa = PBXFileReference; fileEncoding = 4; lastKnownFileType = sourcecode.swift; path = "UInt32+Extension.swift"; sourceTree = "<group>"; };
		E24C1C0021385CC800AC5ABD /* Digest.swift */ = {isa = PBXFileReference; fileEncoding = 4; lastKnownFileType = sourcecode.swift; path = Digest.swift; sourceTree = "<group>"; };
		E24C1C0121385CC800AC5ABD /* UInt128.swift */ = {isa = PBXFileReference; fileEncoding = 4; lastKnownFileType = sourcecode.swift; path = UInt128.swift; sourceTree = "<group>"; };
		E24C1C0221385CC800AC5ABD /* NoPadding.swift */ = {isa = PBXFileReference; fileEncoding = 4; lastKnownFileType = sourcecode.swift; path = NoPadding.swift; sourceTree = "<group>"; };
		E24C1C0421385CC800AC5ABD /* String+FoundationExtension.swift */ = {isa = PBXFileReference; fileEncoding = 4; lastKnownFileType = sourcecode.swift; path = "String+FoundationExtension.swift"; sourceTree = "<group>"; };
		E24C1C0521385CC800AC5ABD /* Blowfish+Foundation.swift */ = {isa = PBXFileReference; fileEncoding = 4; lastKnownFileType = sourcecode.swift; path = "Blowfish+Foundation.swift"; sourceTree = "<group>"; };
		E24C1C0621385CC800AC5ABD /* Utils+Foundation.swift */ = {isa = PBXFileReference; fileEncoding = 4; lastKnownFileType = sourcecode.swift; path = "Utils+Foundation.swift"; sourceTree = "<group>"; };
		E24C1C0721385CC800AC5ABD /* HMAC+Foundation.swift */ = {isa = PBXFileReference; fileEncoding = 4; lastKnownFileType = sourcecode.swift; path = "HMAC+Foundation.swift"; sourceTree = "<group>"; };
		E24C1C0821385CC800AC5ABD /* Data+Extension.swift */ = {isa = PBXFileReference; fileEncoding = 4; lastKnownFileType = sourcecode.swift; path = "Data+Extension.swift"; sourceTree = "<group>"; };
		E24C1C0921385CC800AC5ABD /* ChaCha20+Foundation.swift */ = {isa = PBXFileReference; fileEncoding = 4; lastKnownFileType = sourcecode.swift; path = "ChaCha20+Foundation.swift"; sourceTree = "<group>"; };
		E24C1C0A21385CC800AC5ABD /* Array+Foundation.swift */ = {isa = PBXFileReference; fileEncoding = 4; lastKnownFileType = sourcecode.swift; path = "Array+Foundation.swift"; sourceTree = "<group>"; };
		E24C1C0B21385CC800AC5ABD /* AES+Foundation.swift */ = {isa = PBXFileReference; fileEncoding = 4; lastKnownFileType = sourcecode.swift; path = "AES+Foundation.swift"; sourceTree = "<group>"; };
		E24C1C0C21385CC800AC5ABD /* Rabbit+Foundation.swift */ = {isa = PBXFileReference; fileEncoding = 4; lastKnownFileType = sourcecode.swift; path = "Rabbit+Foundation.swift"; sourceTree = "<group>"; };
		E24C1C0D21385CC800AC5ABD /* UInt8+Extension.swift */ = {isa = PBXFileReference; fileEncoding = 4; lastKnownFileType = sourcecode.swift; path = "UInt8+Extension.swift"; sourceTree = "<group>"; };
		E24C1C0E21385CC800AC5ABD /* MD5.swift */ = {isa = PBXFileReference; fileEncoding = 4; lastKnownFileType = sourcecode.swift; path = MD5.swift; sourceTree = "<group>"; };
		E24C1C0F21385CC800AC5ABD /* Cryptor.swift */ = {isa = PBXFileReference; fileEncoding = 4; lastKnownFileType = sourcecode.swift; path = Cryptor.swift; sourceTree = "<group>"; };
		E24C1C1021385CC800AC5ABD /* CompactMap.swift */ = {isa = PBXFileReference; fileEncoding = 4; lastKnownFileType = sourcecode.swift; path = CompactMap.swift; sourceTree = "<group>"; };
		E24C1C1121385CC800AC5ABD /* BatchedCollection.swift */ = {isa = PBXFileReference; fileEncoding = 4; lastKnownFileType = sourcecode.swift; path = BatchedCollection.swift; sourceTree = "<group>"; };
		E24C1C1221385CC800AC5ABD /* SecureBytes.swift */ = {isa = PBXFileReference; fileEncoding = 4; lastKnownFileType = sourcecode.swift; path = SecureBytes.swift; sourceTree = "<group>"; };
		E24C1C1321385CC800AC5ABD /* ZeroPadding.swift */ = {isa = PBXFileReference; fileEncoding = 4; lastKnownFileType = sourcecode.swift; path = ZeroPadding.swift; sourceTree = "<group>"; };
		E24C1C1421385CC800AC5ABD /* String+Extension.swift */ = {isa = PBXFileReference; fileEncoding = 4; lastKnownFileType = sourcecode.swift; path = "String+Extension.swift"; sourceTree = "<group>"; };
		E24C1C1521385CC800AC5ABD /* Authenticator.swift */ = {isa = PBXFileReference; fileEncoding = 4; lastKnownFileType = sourcecode.swift; path = Authenticator.swift; sourceTree = "<group>"; };
		E24C1C1621385CC800AC5ABD /* SHA3.swift */ = {isa = PBXFileReference; fileEncoding = 4; lastKnownFileType = sourcecode.swift; path = SHA3.swift; sourceTree = "<group>"; };
		E24C1C1721385CC800AC5ABD /* Operators.swift */ = {isa = PBXFileReference; fileEncoding = 4; lastKnownFileType = sourcecode.swift; path = Operators.swift; sourceTree = "<group>"; };
		E24C1C1821385CC800AC5ABD /* RandomBytesSequence.swift */ = {isa = PBXFileReference; fileEncoding = 4; lastKnownFileType = sourcecode.swift; path = RandomBytesSequence.swift; sourceTree = "<group>"; };
		E24C1C1921385CC800AC5ABD /* Rabbit.swift */ = {isa = PBXFileReference; fileEncoding = 4; lastKnownFileType = sourcecode.swift; path = Rabbit.swift; sourceTree = "<group>"; };
		E24C1C1A21385CC800AC5ABD /* SHA1.swift */ = {isa = PBXFileReference; fileEncoding = 4; lastKnownFileType = sourcecode.swift; path = SHA1.swift; sourceTree = "<group>"; };
		E24C1C1B21385CC800AC5ABD /* Poly1305.swift */ = {isa = PBXFileReference; fileEncoding = 4; lastKnownFileType = sourcecode.swift; path = Poly1305.swift; sourceTree = "<group>"; };
		E24C1C1C21385CC800AC5ABD /* BlockCipher.swift */ = {isa = PBXFileReference; fileEncoding = 4; lastKnownFileType = sourcecode.swift; path = BlockCipher.swift; sourceTree = "<group>"; };
		E24C1C1D21385CC800AC5ABD /* Updatable.swift */ = {isa = PBXFileReference; fileEncoding = 4; lastKnownFileType = sourcecode.swift; path = Updatable.swift; sourceTree = "<group>"; };
		E24C1C1E21385CC800AC5ABD /* Blowfish.swift */ = {isa = PBXFileReference; fileEncoding = 4; lastKnownFileType = sourcecode.swift; path = Blowfish.swift; sourceTree = "<group>"; };
		E24C1C1F21385CC800AC5ABD /* BlockDecryptor.swift */ = {isa = PBXFileReference; fileEncoding = 4; lastKnownFileType = sourcecode.swift; path = BlockDecryptor.swift; sourceTree = "<group>"; };
		E24C1C2021385CC800AC5ABD /* StreamEncryptor.swift */ = {isa = PBXFileReference; fileEncoding = 4; lastKnownFileType = sourcecode.swift; path = StreamEncryptor.swift; sourceTree = "<group>"; };
		E24C1C2121385CC800AC5ABD /* DigestType.swift */ = {isa = PBXFileReference; fileEncoding = 4; lastKnownFileType = sourcecode.swift; path = DigestType.swift; sourceTree = "<group>"; };
		E24C1C2221385CC800AC5ABD /* Utils.swift */ = {isa = PBXFileReference; fileEncoding = 4; lastKnownFileType = sourcecode.swift; path = Utils.swift; sourceTree = "<group>"; };
		E24C1C2321385CC800AC5ABD /* Generics.swift */ = {isa = PBXFileReference; fileEncoding = 4; lastKnownFileType = sourcecode.swift; path = Generics.swift; sourceTree = "<group>"; };
		E24C1C2421385CC800AC5ABD /* Checksum.swift */ = {isa = PBXFileReference; fileEncoding = 4; lastKnownFileType = sourcecode.swift; path = Checksum.swift; sourceTree = "<group>"; };
		E24C1C2521385CC800AC5ABD /* SHA2.swift */ = {isa = PBXFileReference; fileEncoding = 4; lastKnownFileType = sourcecode.swift; path = SHA2.swift; sourceTree = "<group>"; };
		E24C1C2621385CC800AC5ABD /* Padding.swift */ = {isa = PBXFileReference; fileEncoding = 4; lastKnownFileType = sourcecode.swift; path = Padding.swift; sourceTree = "<group>"; };
		E24C1C2821385CC800AC5ABD /* PKCS7Padding.swift */ = {isa = PBXFileReference; fileEncoding = 4; lastKnownFileType = sourcecode.swift; path = PKCS7Padding.swift; sourceTree = "<group>"; };
		E24C1C2921385CC800AC5ABD /* PKCS5.swift */ = {isa = PBXFileReference; fileEncoding = 4; lastKnownFileType = sourcecode.swift; path = PKCS5.swift; sourceTree = "<group>"; };
		E24C1C2A21385CC800AC5ABD /* PKCS7.swift */ = {isa = PBXFileReference; fileEncoding = 4; lastKnownFileType = sourcecode.swift; path = PKCS7.swift; sourceTree = "<group>"; };
		E24C1C2B21385CC800AC5ABD /* PBKDF2.swift */ = {isa = PBXFileReference; fileEncoding = 4; lastKnownFileType = sourcecode.swift; path = PBKDF2.swift; sourceTree = "<group>"; };
		E24C1C2C21385CC800AC5ABD /* PBKDF1.swift */ = {isa = PBXFileReference; fileEncoding = 4; lastKnownFileType = sourcecode.swift; path = PBKDF1.swift; sourceTree = "<group>"; };
		E24C1C2E21385CC800AC5ABD /* BlockModeOptions.swift */ = {isa = PBXFileReference; fileEncoding = 4; lastKnownFileType = sourcecode.swift; path = BlockModeOptions.swift; sourceTree = "<group>"; };
		E24C1C2F21385CC800AC5ABD /* CFB.swift */ = {isa = PBXFileReference; fileEncoding = 4; lastKnownFileType = sourcecode.swift; path = CFB.swift; sourceTree = "<group>"; };
		E24C1C3021385CC800AC5ABD /* CBC.swift */ = {isa = PBXFileReference; fileEncoding = 4; lastKnownFileType = sourcecode.swift; path = CBC.swift; sourceTree = "<group>"; };
		E24C1C3121385CC800AC5ABD /* ECB.swift */ = {isa = PBXFileReference; fileEncoding = 4; lastKnownFileType = sourcecode.swift; path = ECB.swift; sourceTree = "<group>"; };
		E24C1C3221385CC800AC5ABD /* PCBC.swift */ = {isa = PBXFileReference; fileEncoding = 4; lastKnownFileType = sourcecode.swift; path = PCBC.swift; sourceTree = "<group>"; };
		E24C1C3321385CC800AC5ABD /* BlockMode.swift */ = {isa = PBXFileReference; fileEncoding = 4; lastKnownFileType = sourcecode.swift; path = BlockMode.swift; sourceTree = "<group>"; };
		E24C1C3421385CC800AC5ABD /* GCM.swift */ = {isa = PBXFileReference; fileEncoding = 4; lastKnownFileType = sourcecode.swift; path = GCM.swift; sourceTree = "<group>"; };
		E24C1C3521385CC800AC5ABD /* CipherModeWorker.swift */ = {isa = PBXFileReference; fileEncoding = 4; lastKnownFileType = sourcecode.swift; path = CipherModeWorker.swift; sourceTree = "<group>"; };
		E24C1C3621385CC800AC5ABD /* CTR.swift */ = {isa = PBXFileReference; fileEncoding = 4; lastKnownFileType = sourcecode.swift; path = CTR.swift; sourceTree = "<group>"; };
		E24C1C3721385CC800AC5ABD /* OFB.swift */ = {isa = PBXFileReference; fileEncoding = 4; lastKnownFileType = sourcecode.swift; path = OFB.swift; sourceTree = "<group>"; };
		E24C1C3821385CC800AC5ABD /* ChaCha20.swift */ = {isa = PBXFileReference; fileEncoding = 4; lastKnownFileType = sourcecode.swift; path = ChaCha20.swift; sourceTree = "<group>"; };
		E24C1C3A21385CC800AC5ABD /* Array+Extension.swift */ = {isa = PBXFileReference; fileEncoding = 4; lastKnownFileType = sourcecode.swift; path = "Array+Extension.swift"; sourceTree = "<group>"; };
		E24C1C3B21385CC900AC5ABD /* CryptoSwift.h */ = {isa = PBXFileReference; fileEncoding = 4; lastKnownFileType = sourcecode.c.h; path = CryptoSwift.h; sourceTree = "<group>"; };
		E25456A320B8F85600D9F8A6 /* GoPPlus.app */ = {isa = PBXFileReference; explicitFileType = wrapper.application; includeInIndex = 0; path = GoPPlus.app; sourceTree = BUILT_PRODUCTS_DIR; };
		E25456A620B8F85600D9F8A6 /* AppDelegate.swift */ = {isa = PBXFileReference; lastKnownFileType = sourcecode.swift; path = AppDelegate.swift; sourceTree = "<group>"; };
		E25456AB20B8F85600D9F8A6 /* Base */ = {isa = PBXFileReference; lastKnownFileType = file.storyboard; name = Base; path = Base.lproj/Main.storyboard; sourceTree = "<group>"; };
		E25456AD20B8F85700D9F8A6 /* Assets.xcassets */ = {isa = PBXFileReference; lastKnownFileType = folder.assetcatalog; path = Assets.xcassets; sourceTree = "<group>"; };
		E25456B020B8F85700D9F8A6 /* Base */ = {isa = PBXFileReference; lastKnownFileType = file.storyboard; name = Base; path = Base.lproj/LaunchScreen.storyboard; sourceTree = "<group>"; };
		E25456B220B8F85700D9F8A6 /* Info.plist */ = {isa = PBXFileReference; lastKnownFileType = text.plist.xml; path = Info.plist; sourceTree = "<group>"; };
		E2BEC09E2134D7DA00AB6D3D /* Wait.swift */ = {isa = PBXFileReference; lastKnownFileType = sourcecode.swift; path = Wait.swift; sourceTree = "<group>"; };
/* End PBXFileReference section */

/* Begin PBXFrameworksBuildPhase section */
		E25456A020B8F85500D9F8A6 /* Frameworks */ = {
			isa = PBXFrameworksBuildPhase;
			buildActionMask = 2147483647;
			files = (
				7CE86D04217D3F1A00382306 /* UIKit.framework in Frameworks */,
				7CE86D02217D3F1000382306 /* SystemConfiguration.framework in Frameworks */,
				7CE86D00217D3F0A00382306 /* QuartzCore.framework in Frameworks */,
				7CE75745218FA5DE000DD258 /* FBSDKCoreKit.framework in Frameworks */,
				7CE86CFE217D3F0400382306 /* OpenGLES.framework in Frameworks */,
				7CE86CFC217D3EFC00382306 /* libz.tbd in Frameworks */,
				7CE86CFA217D3EF600382306 /* libc++.tbd in Frameworks */,
				7CE86CF8217D3EEF00382306 /* ImageIO.framework in Frameworks */,
				7CE86CF6217D3EE700382306 /* GLKit.framework in Frameworks */,
				7CE86CF4217D3EE000382306 /* CoreText.framework in Frameworks */,
				7CE86CF2217D3ED900382306 /* CoreTelephony.framework in Frameworks */,
				7CE86CF0217D3ED300382306 /* CoreLocation.framework in Frameworks */,
				7CE86CEE217D3ECC00382306 /* CoreImage.framework in Frameworks */,
				7CE86CEC217D3EC400382306 /* CoreGraphics.framework in Frameworks */,
				7CE75742218FA5DD000DD258 /* FBSDKLoginKit.framework in Frameworks */,
				7CE86CEA217D3EBD00382306 /* CoreData.framework in Frameworks */,
				7CE75743218FA5DD000DD258 /* Bolts.framework in Frameworks */,
				7CE86CE8217D3EB600382306 /* Accelerate.framework in Frameworks */,
				7CE75744218FA5DD000DD258 /* FBSDKShareKit.framework in Frameworks */,
				7CE86CE1217D3E6200382306 /* GoogleMaps.framework in Frameworks */,
				7CE86CE3217D3E6E00382306 /* GoogleMapsCore.framework in Frameworks */,
				7CE86CDF217D3E4400382306 /* GoogleMapsBase.framework in Frameworks */,
			);
			runOnlyForDeploymentPostprocessing = 0;
		};
/* End PBXFrameworksBuildPhase section */

/* Begin PBXGroup section */
		7CBED87E21C6855900C445FC /* Utils */ = {
			isa = PBXGroup;
			children = (
				7C7A63C3218CF460006C0DDA /* Validator.swift */,
				E207B6942135BCB6007F26F9 /* Constants.swift */,
				50C91C172216FAA80065A51A /* GoogleClient.swift */,
			);
			path = Utils;
			sourceTree = "<group>";
		};
		7CE7567B218FA1F3000DD258 /* Facebook */ = {
			isa = PBXGroup;
			children = (
				7CE7573F218FA5DA000DD258 /* Bolts.framework */,
				7CE75741218FA5DD000DD258 /* FBSDKCoreKit.framework */,
				7CE7573E218FA5DA000DD258 /* FBSDKLoginKit.framework */,
				7CE75740218FA5DC000DD258 /* FBSDKShareKit.framework */,
			);
			path = Facebook;
			sourceTree = "<group>";
		};
		7CE86CE6217D3EB600382306 /* Frameworks */ = {
			isa = PBXGroup;
			children = (
				7CE86D03217D3F1A00382306 /* UIKit.framework */,
				7CE86D01217D3F1000382306 /* SystemConfiguration.framework */,
				7CE86CFF217D3F0A00382306 /* QuartzCore.framework */,
				7CE86CFD217D3F0400382306 /* OpenGLES.framework */,
				7CE86CFB217D3EFC00382306 /* libz.tbd */,
				7CE86CF9217D3EF500382306 /* libc++.tbd */,
				7CE86CF7217D3EEE00382306 /* ImageIO.framework */,
				7CE86CF5217D3EE700382306 /* GLKit.framework */,
				7CE86CF3217D3EE000382306 /* CoreText.framework */,
				7CE86CF1217D3ED900382306 /* CoreTelephony.framework */,
				7CE86CEF217D3ED300382306 /* CoreLocation.framework */,
				7CE86CED217D3ECB00382306 /* CoreImage.framework */,
				7CE86CEB217D3EC400382306 /* CoreGraphics.framework */,
				7CE86CE9217D3EBD00382306 /* CoreData.framework */,
				7CE86CE7217D3EB600382306 /* Accelerate.framework */,
			);
			name = Frameworks;
			sourceTree = "<group>";
		};
		E222E8D8212F3EC100037242 /* View Controllers */ = {
			isa = PBXGroup;
			children = (
				E207B68E2135AFDA007F26F9 /* Activate.swift */,
				7CED0D2521BDDC47003361BE /* CardCell.swift */,
				E207B69E2135E74E007F26F9 /* Chat.swift */,
				7C9449B721CB3BA100D539CB /* ClientChatCell.swift */,
				E207B69A2135D914007F26F9 /* CreditCard.swift */,
				E207B6982135D908007F26F9 /* Destination.swift */,
				7C9449B521CB3AD700D539CB /* DriverChatCell.swift */,
				E207B68C2135AF96007F26F9 /* Forgot.swift */,
				E222E8E421304BD800037242 /* History.swift */,
				7CA1C45521972C040091D9E0 /* HistoryCell.swift */,
				E222E8DA212F495900037242 /* Login.swift */,
				E222E8DE21304AA600037242 /* OnBoard.swift */,
				E222E8DC21304A5E00037242 /* OnRequest.swift */,
				E222E8E221304BC700037242 /* Password.swift */,
				E207B6902135AFF8007F26F9 /* PasswordReplace.swift */,
				E222E8E021304B7100037242 /* Profile.swift */,
				E207B69C2135D92E007F26F9 /* PromoCode.swift */,
				7C47789821CBEFC1000D5869 /* Rating.swift */,
				E207B6962135D8F6007F26F9 /* Search.swift */,
				E222E8E621304BE300037242 /* Share.swift */,
				E207B68A2135AF7C007F26F9 /* Signup.swift */,
				E2151A6F213B510C00F8727B /* Start.swift */,
				7CA1C4532197182C0091D9E0 /* VehicleCell.swift */,
				E2BEC09E2134D7DA00AB6D3D /* Wait.swift */,
			);
			path = "View Controllers";
			sourceTree = "<group>";
		};
		E222E8D9212F3ED100037242 /* Extras */ = {
			isa = PBXGroup;
			children = (
				E25456AA20B8F85600D9F8A6 /* Main.storyboard */,
				E25456AD20B8F85700D9F8A6 /* Assets.xcassets */,
				E25456AF20B8F85700D9F8A6 /* LaunchScreen.storyboard */,
			);
			path = Extras;
			sourceTree = "<group>";
		};
		E24C1BED21385C9900AC5ABD /* Crypto */ = {
			isa = PBXGroup;
			children = (
				E24C1BEE21385CC800AC5ABD /* CryptoSwift */,
				E24C1C3B21385CC900AC5ABD /* CryptoSwift.h */,
			);
			path = Crypto;
			sourceTree = "<group>";
		};
		E24C1BEE21385CC800AC5ABD /* CryptoSwift */ = {
			isa = PBXGroup;
			children = (
				E24C1BEF21385CC800AC5ABD /* AES.swift */,
				E24C1BF021385CC800AC5ABD /* BlockEncryptor.swift */,
				E24C1BF121385CC800AC5ABD /* UInt64+Extension.swift */,
				E24C1BF221385CC800AC5ABD /* Cryptors.swift */,
				E24C1BF321385CC800AC5ABD /* HKDF.swift */,
				E24C1BF421385CC800AC5ABD /* Cipher.swift */,
				E24C1BF521385CC800AC5ABD /* AEAD */,
				E24C1BF821385CC800AC5ABD /* Int+Extension.swift */,
				E24C1BF921385CC800AC5ABD /* AES.Cryptors.swift */,
				E24C1BFA21385CC800AC5ABD /* Bit.swift */,
				E24C1BFB21385CC800AC5ABD /* HMAC.swift */,
				E24C1BFC21385CC800AC5ABD /* CMAC.swift */,
				E24C1BFD21385CC800AC5ABD /* UInt16+Extension.swift */,
				E24C1BFE21385CC800AC5ABD /* Collection+Extension.swift */,
				E24C1BFF21385CC800AC5ABD /* UInt32+Extension.swift */,
				E24C1C0021385CC800AC5ABD /* Digest.swift */,
				E24C1C0121385CC800AC5ABD /* UInt128.swift */,
				E24C1C0221385CC800AC5ABD /* NoPadding.swift */,
				E24C1C0321385CC800AC5ABD /* Foundation */,
				E24C1C0D21385CC800AC5ABD /* UInt8+Extension.swift */,
				E24C1C0E21385CC800AC5ABD /* MD5.swift */,
				E24C1C0F21385CC800AC5ABD /* Cryptor.swift */,
				E24C1C1021385CC800AC5ABD /* CompactMap.swift */,
				E24C1C1121385CC800AC5ABD /* BatchedCollection.swift */,
				E24C1C1221385CC800AC5ABD /* SecureBytes.swift */,
				E24C1C1321385CC800AC5ABD /* ZeroPadding.swift */,
				E24C1C1421385CC800AC5ABD /* String+Extension.swift */,
				E24C1C1521385CC800AC5ABD /* Authenticator.swift */,
				E24C1C1621385CC800AC5ABD /* SHA3.swift */,
				E24C1C1721385CC800AC5ABD /* Operators.swift */,
				E24C1C1821385CC800AC5ABD /* RandomBytesSequence.swift */,
				E24C1C1921385CC800AC5ABD /* Rabbit.swift */,
				E24C1C1A21385CC800AC5ABD /* SHA1.swift */,
				E24C1C1B21385CC800AC5ABD /* Poly1305.swift */,
				E24C1C1C21385CC800AC5ABD /* BlockCipher.swift */,
				E24C1C1D21385CC800AC5ABD /* Updatable.swift */,
				E24C1C1E21385CC800AC5ABD /* Blowfish.swift */,
				E24C1C1F21385CC800AC5ABD /* BlockDecryptor.swift */,
				E24C1C2021385CC800AC5ABD /* StreamEncryptor.swift */,
				E24C1C2121385CC800AC5ABD /* DigestType.swift */,
				E24C1C2221385CC800AC5ABD /* Utils.swift */,
				E24C1C2321385CC800AC5ABD /* Generics.swift */,
				E24C1C2421385CC800AC5ABD /* Checksum.swift */,
				E24C1C2521385CC800AC5ABD /* SHA2.swift */,
				E24C1C2621385CC800AC5ABD /* Padding.swift */,
				E24C1C2721385CC800AC5ABD /* PKCS */,
				E24C1C2D21385CC800AC5ABD /* BlockMode */,
				E24C1C3821385CC800AC5ABD /* ChaCha20.swift */,
				E24C1C3A21385CC800AC5ABD /* Array+Extension.swift */,
			);
			path = CryptoSwift;
			sourceTree = "<group>";
		};
		E24C1BF521385CC800AC5ABD /* AEAD */ = {
			isa = PBXGroup;
			children = (
				E24C1BF621385CC800AC5ABD /* AEADChaCha20Poly1305.swift */,
				E24C1BF721385CC800AC5ABD /* AEAD.swift */,
			);
			path = AEAD;
			sourceTree = "<group>";
		};
		E24C1C0321385CC800AC5ABD /* Foundation */ = {
			isa = PBXGroup;
			children = (
				E24C1C0421385CC800AC5ABD /* String+FoundationExtension.swift */,
				E24C1C0521385CC800AC5ABD /* Blowfish+Foundation.swift */,
				E24C1C0621385CC800AC5ABD /* Utils+Foundation.swift */,
				E24C1C0721385CC800AC5ABD /* HMAC+Foundation.swift */,
				E24C1C0821385CC800AC5ABD /* Data+Extension.swift */,
				E24C1C0921385CC800AC5ABD /* ChaCha20+Foundation.swift */,
				E24C1C0A21385CC800AC5ABD /* Array+Foundation.swift */,
				E24C1C0B21385CC800AC5ABD /* AES+Foundation.swift */,
				E24C1C0C21385CC800AC5ABD /* Rabbit+Foundation.swift */,
			);
			path = Foundation;
			sourceTree = "<group>";
		};
		E24C1C2721385CC800AC5ABD /* PKCS */ = {
			isa = PBXGroup;
			children = (
				E24C1C2821385CC800AC5ABD /* PKCS7Padding.swift */,
				E24C1C2921385CC800AC5ABD /* PKCS5.swift */,
				E24C1C2A21385CC800AC5ABD /* PKCS7.swift */,
				E24C1C2B21385CC800AC5ABD /* PBKDF2.swift */,
				E24C1C2C21385CC800AC5ABD /* PBKDF1.swift */,
			);
			path = PKCS;
			sourceTree = "<group>";
		};
		E24C1C2D21385CC800AC5ABD /* BlockMode */ = {
			isa = PBXGroup;
			children = (
				E24C1C2E21385CC800AC5ABD /* BlockModeOptions.swift */,
				E24C1C2F21385CC800AC5ABD /* CFB.swift */,
				E24C1C3021385CC800AC5ABD /* CBC.swift */,
				E24C1C3121385CC800AC5ABD /* ECB.swift */,
				E24C1C3221385CC800AC5ABD /* PCBC.swift */,
				E24C1C3321385CC800AC5ABD /* BlockMode.swift */,
				E24C1C3421385CC800AC5ABD /* GCM.swift */,
				E24C1C3521385CC800AC5ABD /* CipherModeWorker.swift */,
				E24C1C3621385CC800AC5ABD /* CTR.swift */,
				E24C1C3721385CC800AC5ABD /* OFB.swift */,
			);
			path = BlockMode;
			sourceTree = "<group>";
		};
		E254569A20B8F85500D9F8A6 = {
			isa = PBXGroup;
			children = (
				7CE7567B218FA1F3000DD258 /* Facebook */,
				7CE86CE4217D3E7600382306 /* GoogleMaps.bundle */,
				7CE86CE2217D3E6E00382306 /* GoogleMapsCore.framework */,
				7CE86CE0217D3E6200382306 /* GoogleMaps.framework */,
				7CE86CDE217D3E4400382306 /* GoogleMapsBase.framework */,
				E25456A520B8F85600D9F8A6 /* GoPPlus */,
				E25456A420B8F85600D9F8A6 /* Products */,
				7CE86CE6217D3EB600382306 /* Frameworks */,
			);
			sourceTree = "<group>";
		};
		E25456A420B8F85600D9F8A6 /* Products */ = {
			isa = PBXGroup;
			children = (
				E25456A320B8F85600D9F8A6 /* GoPPlus.app */,
			);
			name = Products;
			sourceTree = "<group>";
		};
		E25456A520B8F85600D9F8A6 /* GoPPlus */ = {
			isa = PBXGroup;
			children = (
				E25456B220B8F85700D9F8A6 /* Info.plist */,
				7CCA323321BC8F300018814F /* GoPPlus.entitlements */,
				7CBED87E21C6855900C445FC /* Utils */,
				E24C1BED21385C9900AC5ABD /* Crypto */,
				E222E8D9212F3ED100037242 /* Extras */,
				E222E8D8212F3EC100037242 /* View Controllers */,
				E25456A620B8F85600D9F8A6 /* AppDelegate.swift */,
				E245199D21374C0D0001F261 /* UIApplication.swift */,
			);
			path = GoPPlus;
			sourceTree = "<group>";
		};
/* End PBXGroup section */

/* Begin PBXNativeTarget section */
		E25456A220B8F85500D9F8A6 /* GoPPlus */ = {
			isa = PBXNativeTarget;
			buildConfigurationList = E25456B520B8F85700D9F8A6 /* Build configuration list for PBXNativeTarget "GoPPlus" */;
			buildPhases = (
				E254569F20B8F85500D9F8A6 /* Sources */,
				E25456A020B8F85500D9F8A6 /* Frameworks */,
				E25456A120B8F85500D9F8A6 /* Resources */,
			);
			buildRules = (
			);
			dependencies = (
			);
			name = GoPPlus;
			productName = GoPPlus;
			productReference = E25456A320B8F85600D9F8A6 /* GoPPlus.app */;
			productType = "com.apple.product-type.application";
		};
/* End PBXNativeTarget section */

/* Begin PBXProject section */
		E254569B20B8F85500D9F8A6 /* Project object */ = {
			isa = PBXProject;
			attributes = {
				LastSwiftUpdateCheck = 0930;
				LastUpgradeCheck = 0930;
				ORGANIZATIONNAME = GFA;
				TargetAttributes = {
					E25456A220B8F85500D9F8A6 = {
						CreatedOnToolsVersion = 9.3.1;
						LastSwiftMigration = 1020;
						SystemCapabilities = {
							com.apple.BackgroundModes = {
								enabled = 1;
							};
							com.apple.Push = {
								enabled = 1;
							};
						};
					};
				};
			};
			buildConfigurationList = E254569E20B8F85500D9F8A6 /* Build configuration list for PBXProject "GoPPlus" */;
			compatibilityVersion = "Xcode 9.3";
			developmentRegion = en;
			hasScannedForEncodings = 0;
			knownRegions = (
				en,
				Base,
			);
			mainGroup = E254569A20B8F85500D9F8A6;
			productRefGroup = E25456A420B8F85600D9F8A6 /* Products */;
			projectDirPath = "";
			projectRoot = "";
			targets = (
				E25456A220B8F85500D9F8A6 /* GoPPlus */,
			);
		};
/* End PBXProject section */

/* Begin PBXResourcesBuildPhase section */
		E25456A120B8F85500D9F8A6 /* Resources */ = {
			isa = PBXResourcesBuildPhase;
			buildActionMask = 2147483647;
			files = (
				7CE86D05217D432C00382306 /* GoogleMaps.bundle in Resources */,
				E25456B120B8F85700D9F8A6 /* LaunchScreen.storyboard in Resources */,
				E25456AE20B8F85700D9F8A6 /* Assets.xcassets in Resources */,
				E25456AC20B8F85600D9F8A6 /* Main.storyboard in Resources */,
			);
			runOnlyForDeploymentPostprocessing = 0;
		};
/* End PBXResourcesBuildPhase section */

/* Begin PBXSourcesBuildPhase section */
		E254569F20B8F85500D9F8A6 /* Sources */ = {
			isa = PBXSourcesBuildPhase;
			buildActionMask = 2147483647;
			files = (
				E24C1C3F21385CC900AC5ABD /* Cryptors.swift in Sources */,
				E24C1C6021385CC900AC5ABD /* Authenticator.swift in Sources */,
				E222E8DD21304A5E00037242 /* OnRequest.swift in Sources */,
				E24C1C7F21385CC900AC5ABD /* CTR.swift in Sources */,
				E222E8E121304B7100037242 /* Profile.swift in Sources */,
				E24C1C7921385CC900AC5ABD /* CBC.swift in Sources */,
				7C9449B821CB3BA100D539CB /* ClientChatCell.swift in Sources */,
				E24C1C4621385CC900AC5ABD /* Bit.swift in Sources */,
				E2BEC09F2134D7DA00AB6D3D /* Wait.swift in Sources */,
				E24C1C4921385CC900AC5ABD /* UInt16+Extension.swift in Sources */,
				E24C1C5D21385CC900AC5ABD /* SecureBytes.swift in Sources */,
				E24C1C4B21385CC900AC5ABD /* UInt32+Extension.swift in Sources */,
				E24C1C7A21385CC900AC5ABD /* ECB.swift in Sources */,
				E222E8E521304BD800037242 /* History.swift in Sources */,
				E24C1C5921385CC900AC5ABD /* MD5.swift in Sources */,
				E24C1C3D21385CC900AC5ABD /* BlockEncryptor.swift in Sources */,
				E24C1C6721385CC900AC5ABD /* BlockCipher.swift in Sources */,
				E24C1C5E21385CC900AC5ABD /* ZeroPadding.swift in Sources */,
				E24C1C4021385CC900AC5ABD /* HKDF.swift in Sources */,
				E222E8DB212F495900037242 /* Login.swift in Sources */,
				E207B6952135BCB6007F26F9 /* Constants.swift in Sources */,
				E24C1C6C21385CC900AC5ABD /* DigestType.swift in Sources */,
				E222E8E721304BE300037242 /* Share.swift in Sources */,
				E24C1C4C21385CC900AC5ABD /* Digest.swift in Sources */,
				E222E8E321304BC700037242 /* Password.swift in Sources */,
				E24C1C7821385CC900AC5ABD /* CFB.swift in Sources */,
				E2151A70213B510C00F8727B /* Start.swift in Sources */,
				E24C1C4221385CC900AC5ABD /* AEADChaCha20Poly1305.swift in Sources */,
				E207B6992135D908007F26F9 /* Destination.swift in Sources */,
				E24C1C5321385CC900AC5ABD /* Data+Extension.swift in Sources */,
				E24C1C7421385CC900AC5ABD /* PKCS7.swift in Sources */,
				E24C1C6621385CC900AC5ABD /* Poly1305.swift in Sources */,
				E24C1C4121385CC900AC5ABD /* Cipher.swift in Sources */,
				E24C1C7321385CC900AC5ABD /* PKCS5.swift in Sources */,
				E24C1C8121385CC900AC5ABD /* ChaCha20.swift in Sources */,
				7C9449B621CB3AD700D539CB /* DriverChatCell.swift in Sources */,
				E24C1C7121385CC900AC5ABD /* Padding.swift in Sources */,
				7CED0D2621BDDC47003361BE /* CardCell.swift in Sources */,
				E24C1C7521385CC900AC5ABD /* PBKDF2.swift in Sources */,
				E24C1C5F21385CC900AC5ABD /* String+Extension.swift in Sources */,
				E24C1C7221385CC900AC5ABD /* PKCS7Padding.swift in Sources */,
				E24C1C6A21385CC900AC5ABD /* BlockDecryptor.swift in Sources */,
				E24C1C4D21385CC900AC5ABD /* UInt128.swift in Sources */,
				E207B69D2135D92E007F26F9 /* PromoCode.swift in Sources */,
				E24C1C8021385CC900AC5ABD /* OFB.swift in Sources */,
				E24C1C5B21385CC900AC5ABD /* CompactMap.swift in Sources */,
				E24C1C4421385CC900AC5ABD /* Int+Extension.swift in Sources */,
				E24C1C3E21385CC900AC5ABD /* UInt64+Extension.swift in Sources */,
				E24C1C5121385CC900AC5ABD /* Utils+Foundation.swift in Sources */,
				E24C1C7E21385CC900AC5ABD /* CipherModeWorker.swift in Sources */,
				E24C1C6421385CC900AC5ABD /* Rabbit.swift in Sources */,
				E24C1C7C21385CC900AC5ABD /* BlockMode.swift in Sources */,
				7CA1C45621972C040091D9E0 /* HistoryCell.swift in Sources */,
				E24C1C6521385CC900AC5ABD /* SHA1.swift in Sources */,
				E24C1C4F21385CC900AC5ABD /* String+FoundationExtension.swift in Sources */,
				E24C1C6821385CC900AC5ABD /* Updatable.swift in Sources */,
				E24C1C7B21385CC900AC5ABD /* PCBC.swift in Sources */,
				E24C1C5621385CC900AC5ABD /* AES+Foundation.swift in Sources */,
				E24C1C5421385CC900AC5ABD /* ChaCha20+Foundation.swift in Sources */,
				E24C1C5021385CC900AC5ABD /* Blowfish+Foundation.swift in Sources */,
				7C47789921CBEFC1000D5869 /* Rating.swift in Sources */,
				E207B68F2135AFDA007F26F9 /* Activate.swift in Sources */,
				E24C1C4721385CC900AC5ABD /* HMAC.swift in Sources */,
				E24C1C7D21385CC900AC5ABD /* GCM.swift in Sources */,
				E24C1C8321385CC900AC5ABD /* Array+Extension.swift in Sources */,
				E24C1C4821385CC900AC5ABD /* CMAC.swift in Sources */,
				7C7A63C4218CF460006C0DDA /* Validator.swift in Sources */,
				7CA1C4542197182C0091D9E0 /* VehicleCell.swift in Sources */,
				E24C1C4521385CC900AC5ABD /* AES.Cryptors.swift in Sources */,
				E24C1C4321385CC900AC5ABD /* AEAD.swift in Sources */,
				E24C1C4A21385CC900AC5ABD /* Collection+Extension.swift in Sources */,
				E24C1C6221385CC900AC5ABD /* Operators.swift in Sources */,
				E207B68D2135AF96007F26F9 /* Forgot.swift in Sources */,
				E24C1C5721385CC900AC5ABD /* Rabbit+Foundation.swift in Sources */,
				E24C1C3C21385CC900AC5ABD /* AES.swift in Sources */,
				E207B69F2135E74E007F26F9 /* Chat.swift in Sources */,
				E207B69B2135D914007F26F9 /* CreditCard.swift in Sources */,
				E24C1C6D21385CC900AC5ABD /* Utils.swift in Sources */,
				E24C1C7021385CC900AC5ABD /* SHA2.swift in Sources */,
				E24C1C6321385CC900AC5ABD /* RandomBytesSequence.swift in Sources */,
				E24C1C5821385CC900AC5ABD /* UInt8+Extension.swift in Sources */,
				E24C1C6E21385CC900AC5ABD /* Generics.swift in Sources */,
				E24C1C6B21385CC900AC5ABD /* StreamEncryptor.swift in Sources */,
				E24C1C7721385CC900AC5ABD /* BlockModeOptions.swift in Sources */,
				E245199E21374C0D0001F261 /* UIApplication.swift in Sources */,
				E207B68B2135AF7C007F26F9 /* Signup.swift in Sources */,
				E24C1C6121385CC900AC5ABD /* SHA3.swift in Sources */,
				E207B6912135AFF8007F26F9 /* PasswordReplace.swift in Sources */,
				E24C1C6921385CC900AC5ABD /* Blowfish.swift in Sources */,
				E207B6972135D8F6007F26F9 /* Search.swift in Sources */,
				E222E8DF21304AA600037242 /* OnBoard.swift in Sources */,
				E24C1C5521385CC900AC5ABD /* Array+Foundation.swift in Sources */,
				E24C1C4E21385CC900AC5ABD /* NoPadding.swift in Sources */,
				E25456A720B8F85600D9F8A6 /* AppDelegate.swift in Sources */,
				E24C1C6F21385CC900AC5ABD /* Checksum.swift in Sources */,
				E24C1C5221385CC900AC5ABD /* HMAC+Foundation.swift in Sources */,
				50C91C182216FAA80065A51A /* GoogleClient.swift in Sources */,
				E24C1C5A21385CC900AC5ABD /* Cryptor.swift in Sources */,
				E24C1C5C21385CC900AC5ABD /* BatchedCollection.swift in Sources */,
				E24C1C7621385CC900AC5ABD /* PBKDF1.swift in Sources */,
			);
			runOnlyForDeploymentPostprocessing = 0;
		};
/* End PBXSourcesBuildPhase section */

/* Begin PBXVariantGroup section */
		E25456AA20B8F85600D9F8A6 /* Main.storyboard */ = {
			isa = PBXVariantGroup;
			children = (
				E25456AB20B8F85600D9F8A6 /* Base */,
			);
			name = Main.storyboard;
			sourceTree = "<group>";
		};
		E25456AF20B8F85700D9F8A6 /* LaunchScreen.storyboard */ = {
			isa = PBXVariantGroup;
			children = (
				E25456B020B8F85700D9F8A6 /* Base */,
			);
			name = LaunchScreen.storyboard;
			sourceTree = "<group>";
		};
/* End PBXVariantGroup section */

/* Begin XCBuildConfiguration section */
		E25456B320B8F85700D9F8A6 /* Debug */ = {
			isa = XCBuildConfiguration;
			buildSettings = {
				ALWAYS_SEARCH_USER_PATHS = NO;
				CLANG_ANALYZER_NONNULL = YES;
				CLANG_ANALYZER_NUMBER_OBJECT_CONVERSION = YES_AGGRESSIVE;
				CLANG_CXX_LANGUAGE_STANDARD = "gnu++14";
				CLANG_CXX_LIBRARY = "libc++";
				CLANG_ENABLE_MODULES = YES;
				CLANG_ENABLE_OBJC_ARC = YES;
				CLANG_ENABLE_OBJC_WEAK = YES;
				CLANG_WARN_BLOCK_CAPTURE_AUTORELEASING = YES;
				CLANG_WARN_BOOL_CONVERSION = YES;
				CLANG_WARN_COMMA = YES;
				CLANG_WARN_CONSTANT_CONVERSION = YES;
				CLANG_WARN_DEPRECATED_OBJC_IMPLEMENTATIONS = YES;
				CLANG_WARN_DIRECT_OBJC_ISA_USAGE = YES_ERROR;
				CLANG_WARN_DOCUMENTATION_COMMENTS = YES;
				CLANG_WARN_EMPTY_BODY = YES;
				CLANG_WARN_ENUM_CONVERSION = YES;
				CLANG_WARN_INFINITE_RECURSION = YES;
				CLANG_WARN_INT_CONVERSION = YES;
				CLANG_WARN_NON_LITERAL_NULL_CONVERSION = YES;
				CLANG_WARN_OBJC_IMPLICIT_RETAIN_SELF = YES;
				CLANG_WARN_OBJC_LITERAL_CONVERSION = YES;
				CLANG_WARN_OBJC_ROOT_CLASS = YES_ERROR;
				CLANG_WARN_RANGE_LOOP_ANALYSIS = YES;
				CLANG_WARN_STRICT_PROTOTYPES = YES;
				CLANG_WARN_SUSPICIOUS_MOVE = YES;
				CLANG_WARN_UNGUARDED_AVAILABILITY = YES_AGGRESSIVE;
				CLANG_WARN_UNREACHABLE_CODE = YES;
				CLANG_WARN__DUPLICATE_METHOD_MATCH = YES;
				CODE_SIGN_IDENTITY = "iPhone Developer";
				COPY_PHASE_STRIP = NO;
				DEBUG_INFORMATION_FORMAT = dwarf;
				DEVELOPMENT_TEAM = 426NG3E4Q3;
				ENABLE_STRICT_OBJC_MSGSEND = YES;
				ENABLE_TESTABILITY = YES;
				GCC_C_LANGUAGE_STANDARD = gnu11;
				GCC_DYNAMIC_NO_PIC = NO;
				GCC_NO_COMMON_BLOCKS = YES;
				GCC_OPTIMIZATION_LEVEL = 0;
				GCC_PREPROCESSOR_DEFINITIONS = (
					"DEBUG=1",
					"$(inherited)",
				);
				GCC_WARN_64_TO_32_BIT_CONVERSION = YES;
				GCC_WARN_ABOUT_RETURN_TYPE = YES_ERROR;
				GCC_WARN_UNDECLARED_SELECTOR = YES;
				GCC_WARN_UNINITIALIZED_AUTOS = YES_AGGRESSIVE;
				GCC_WARN_UNUSED_FUNCTION = YES;
				GCC_WARN_UNUSED_VARIABLE = YES;
				IPHONEOS_DEPLOYMENT_TARGET = 11.3;
				MTL_ENABLE_DEBUG_INFO = YES;
				ONLY_ACTIVE_ARCH = YES;
				SDKROOT = iphoneos;
				SWIFT_ACTIVE_COMPILATION_CONDITIONS = DEBUG;
				SWIFT_OPTIMIZATION_LEVEL = "-Onone";
			};
			name = Debug;
		};
		E25456B420B8F85700D9F8A6 /* Release */ = {
			isa = XCBuildConfiguration;
			buildSettings = {
				ALWAYS_SEARCH_USER_PATHS = NO;
				CLANG_ANALYZER_NONNULL = YES;
				CLANG_ANALYZER_NUMBER_OBJECT_CONVERSION = YES_AGGRESSIVE;
				CLANG_CXX_LANGUAGE_STANDARD = "gnu++14";
				CLANG_CXX_LIBRARY = "libc++";
				CLANG_ENABLE_MODULES = YES;
				CLANG_ENABLE_OBJC_ARC = YES;
				CLANG_ENABLE_OBJC_WEAK = YES;
				CLANG_WARN_BLOCK_CAPTURE_AUTORELEASING = YES;
				CLANG_WARN_BOOL_CONVERSION = YES;
				CLANG_WARN_COMMA = YES;
				CLANG_WARN_CONSTANT_CONVERSION = YES;
				CLANG_WARN_DEPRECATED_OBJC_IMPLEMENTATIONS = YES;
				CLANG_WARN_DIRECT_OBJC_ISA_USAGE = YES_ERROR;
				CLANG_WARN_DOCUMENTATION_COMMENTS = YES;
				CLANG_WARN_EMPTY_BODY = YES;
				CLANG_WARN_ENUM_CONVERSION = YES;
				CLANG_WARN_INFINITE_RECURSION = YES;
				CLANG_WARN_INT_CONVERSION = YES;
				CLANG_WARN_NON_LITERAL_NULL_CONVERSION = YES;
				CLANG_WARN_OBJC_IMPLICIT_RETAIN_SELF = YES;
				CLANG_WARN_OBJC_LITERAL_CONVERSION = YES;
				CLANG_WARN_OBJC_ROOT_CLASS = YES_ERROR;
				CLANG_WARN_RANGE_LOOP_ANALYSIS = YES;
				CLANG_WARN_STRICT_PROTOTYPES = YES;
				CLANG_WARN_SUSPICIOUS_MOVE = YES;
				CLANG_WARN_UNGUARDED_AVAILABILITY = YES_AGGRESSIVE;
				CLANG_WARN_UNREACHABLE_CODE = YES;
				CLANG_WARN__DUPLICATE_METHOD_MATCH = YES;
				CODE_SIGN_IDENTITY = "iPhone Developer";
				COPY_PHASE_STRIP = NO;
				DEBUG_INFORMATION_FORMAT = "dwarf-with-dsym";
				DEVELOPMENT_TEAM = 426NG3E4Q3;
				ENABLE_NS_ASSERTIONS = NO;
				ENABLE_STRICT_OBJC_MSGSEND = YES;
				GCC_C_LANGUAGE_STANDARD = gnu11;
				GCC_NO_COMMON_BLOCKS = YES;
				GCC_WARN_64_TO_32_BIT_CONVERSION = YES;
				GCC_WARN_ABOUT_RETURN_TYPE = YES_ERROR;
				GCC_WARN_UNDECLARED_SELECTOR = YES;
				GCC_WARN_UNINITIALIZED_AUTOS = YES_AGGRESSIVE;
				GCC_WARN_UNUSED_FUNCTION = YES;
				GCC_WARN_UNUSED_VARIABLE = YES;
				IPHONEOS_DEPLOYMENT_TARGET = 11.3;
				MTL_ENABLE_DEBUG_INFO = NO;
				SDKROOT = iphoneos;
				SWIFT_COMPILATION_MODE = wholemodule;
				SWIFT_OPTIMIZATION_LEVEL = "-O";
				VALIDATE_PRODUCT = YES;
			};
			name = Release;
		};
		E25456B620B8F85700D9F8A6 /* Debug */ = {
			isa = XCBuildConfiguration;
			buildSettings = {
				ASSETCATALOG_COMPILER_APPICON_NAME = AppIcon;
				CODE_SIGN_ENTITLEMENTS = GoPPlus/GoPPlus.entitlements;
				CODE_SIGN_IDENTITY = "iPhone Developer";
				CODE_SIGN_STYLE = Automatic;
				CURRENT_PROJECT_VERSION = 10086;
				DEVELOPMENT_TEAM = 426NG3E4Q3;
				FRAMEWORK_SEARCH_PATHS = (
					"$(inherited)",
					"$(PROJECT_DIR)",
					"$(PROJECT_DIR)/Facebook",
				);
				INFOPLIST_FILE = GoPPlus/Info.plist;
				IPHONEOS_DEPLOYMENT_TARGET = 9.0;
				LD_RUNPATH_SEARCH_PATHS = (
					"$(inherited)",
					"@executable_path/Frameworks",
				);
				MARKETING_VERSION = 1.0.86;
				OTHER_LDFLAGS = "-ObjC";
				PRODUCT_BUNDLE_IDENTIFIER = com.pplus.go;
				PRODUCT_NAME = "$(TARGET_NAME)";
				PROVISIONING_PROFILE_SPECIFIER = "";
				SWIFT_VERSION = 4.2;
				TARGETED_DEVICE_FAMILY = 1;
			};
			name = Debug;
		};
		E25456B720B8F85700D9F8A6 /* Release */ = {
			isa = XCBuildConfiguration;
			buildSettings = {
				ASSETCATALOG_COMPILER_APPICON_NAME = AppIcon;
				CODE_SIGN_ENTITLEMENTS = GoPPlus/GoPPlus.entitlements;
				CODE_SIGN_IDENTITY = "iPhone Developer";
				CODE_SIGN_STYLE = Automatic;
				CURRENT_PROJECT_VERSION = 10086;
				DEVELOPMENT_TEAM = 426NG3E4Q3;
				FRAMEWORK_SEARCH_PATHS = (
					"$(inherited)",
					"$(PROJECT_DIR)",
					"$(PROJECT_DIR)/Facebook",
				);
				INFOPLIST_FILE = GoPPlus/Info.plist;
				IPHONEOS_DEPLOYMENT_TARGET = 9.0;
				LD_RUNPATH_SEARCH_PATHS = (
					"$(inherited)",
					"@executable_path/Frameworks",
				);
				MARKETING_VERSION = 1.0.86;
				OTHER_LDFLAGS = "-ObjC";
				PRODUCT_BUNDLE_IDENTIFIER = com.pplus.go;
				PRODUCT_NAME = "$(TARGET_NAME)";
				PROVISIONING_PROFILE_SPECIFIER = "";
				SWIFT_VERSION = 4.2;
				TARGETED_DEVICE_FAMILY = 1;
			};
			name = Release;
		};
/* End XCBuildConfiguration section */

/* Begin XCConfigurationList section */
		E254569E20B8F85500D9F8A6 /* Build configuration list for PBXProject "GoPPlus" */ = {
			isa = XCConfigurationList;
			buildConfigurations = (
				E25456B320B8F85700D9F8A6 /* Debug */,
				E25456B420B8F85700D9F8A6 /* Release */,
			);
			defaultConfigurationIsVisible = 0;
			defaultConfigurationName = Release;
		};
		E25456B520B8F85700D9F8A6 /* Build configuration list for PBXNativeTarget "GoPPlus" */ = {
			isa = XCConfigurationList;
			buildConfigurations = (
				E25456B620B8F85700D9F8A6 /* Debug */,
				E25456B720B8F85700D9F8A6 /* Release */,
			);
			defaultConfigurationIsVisible = 0;
			defaultConfigurationName = Release;
		};
/* End XCConfigurationList section */
	};
	rootObject = E254569B20B8F85500D9F8A6 /* Project object */;
}
